
Microsoft Visual Studio Solution File, Format Version 12.00
# Visual Studio 14
VisualStudioVersion = 14.0.24720.0
MinimumVisualStudioVersion = 10.0.40219.1
Project("{535C04D7-A2A5-47C7-83E0-B340A995CD1F}") = "Customer", "Customer.cblproj", "{FB5BF719-E20B-4F8C-ACD2-2136A244726F}"
	ProjectSection(ProjectDependencies) = postProject
		{E79E3EB4-5AEC-461A-9516-A47041BC5CE1} = {E79E3EB4-5AEC-461A-9516-A47041BC5CE1}
	EndProjectSection
EndProject
Project("{535C04D7-A2A5-47C7-83E0-B340A995CD1F}") = "OrderFormsLibrary", "OrderFormsLibrary\OrderFormsLibrary.cblproj", "{E79E3EB4-5AEC-461A-9516-A47041BC5CE1}"
EndProject
Global
	GlobalSection(SolutionConfigurationPlatforms) = preSolution
		Debug|x86 = Debug|x86
		Release|x86 = Release|x86
	EndGlobalSection
	GlobalSection(ProjectConfigurationPlatforms) = postSolution
		{FB5BF719-E20B-4F8C-ACD2-2136A244726F}.Debug|x86.ActiveCfg = Debug|x86
		{FB5BF719-E20B-4F8C-ACD2-2136A244726F}.Debug|x86.Build.0 = Debug|x86
		{FB5BF719-E20B-4F8C-ACD2-2136A244726F}.Release|x86.ActiveCfg = Release|x86
		{FB5BF719-E20B-4F8C-ACD2-2136A244726F}.Release|x86.Build.0 = Release|x86
		{E79E3EB4-5AEC-461A-9516-A47041BC5CE1}.Debug|x86.ActiveCfg = Debug|x86
		{E79E3EB4-5AEC-461A-9516-A47041BC5CE1}.Debug|x86.Build.0 = Debug|x86
		{E79E3EB4-5AEC-461A-9516-A47041BC5CE1}.Release|x86.ActiveCfg = Release|x86
		{E79E3EB4-5AEC-461A-9516-A47041BC5CE1}.Release|x86.Build.0 = Release|x86
	EndGlobalSection
	GlobalSection(SolutionProperties) = preSolution
		HideSolutionNode = FALSE
	EndGlobalSection
EndGlobal
