Microsoft Visual Studio Solution File, Format Version 12.00
# Visual Studio 2013
VisualStudioVersion = 12.0.31101.0
MinimumVisualStudioVersion = 10.0.40219.1
Project("{535C04D7-A2A5-47C7-83E0-B340A995CD1F}") = "DATETIME", "DATETIME.cblproj", "{2078F25B-9821-4A5A-ADF0-8684B719D4FB}"
EndProject
Global
	GlobalSection(SolutionConfigurationPlatforms) = preSolution
		Debug|x86 = Debug|x86
		Release|x86 = Release|x86
	EndGlobalSection
	GlobalSection(ProjectConfigurationPlatforms) = postSolution
		{2078F25B-9821-4A5A-ADF0-8684B719D4FB}.Debug|x86.ActiveCfg = Debug|x86
		{2078F25B-9821-4A5A-ADF0-8684B719D4FB}.Debug|x86.Build.0 = Debug|x86
		{2078F25B-9821-4A5A-ADF0-8684B719D4FB}.Release|x86.ActiveCfg = Release|x86
		{2078F25B-9821-4A5A-ADF0-8684B719D4FB}.Release|x86.Build.0 = Release|x86
	EndGlobalSection
	GlobalSection(SolutionProperties) = preSolution
		HideSolutionNode = FALSE
	EndGlobalSection
EndGlobal
